hash: 7e37c08038e5488a4ee8f41be4716eaaa691189caa35c9bb5678032ddadc88e1
updated: 2017-01-15T11:15:08.981023152+08:00
imports:
- name: github.com/aymerick/raymond
  version: a2232af10b53ef1ae5a767f5178db3a6c1dab655
  subpackages:
  - ast
  - lexer
  - parser
- name: github.com/codegangsta/cli
  version: 8ef3805c9de2519805c3f060524b695bba2cd715
- name: github.com/joho/godotenv
  version: a01a834e1654b4c9ca5b3ad05159445cc9c7ad08
  subpackages:
  - autoload
- name: github.com/urfave/cli
  version: 0bdeddeeb0f650497d603c4ad7b20cfe685682f6
testImports: []
